
Microsoft Visual Studio Solution File, Format Version 12.00
# Visual Studio Version 17
VisualStudioVersion = 17.3.32922.545
MinimumVisualStudioVersion = 10.0.40219.1
Project("{FAE04EC0-301F-11D3-BF4B-00C04F79EFBC}") = "ex26-WPFAndMVVM1", "ex26-WPFAndMVVM1.csproj", "{AD3550F7-6443-4301-B1D9-552347261B9D}"
EndProject
Global
	GlobalSection(SolutionConfigurationPlatforms) = preSolution
		Debug|Any CPU = Debug|Any CPU
		Release|Any CPU = Release|Any CPU
	EndGlobalSection
	GlobalSection(ProjectConfigurationPlatforms) = postSolution
		{AD3550F7-6443-4301-B1D9-552347261B9D}.Debug|Any CPU.ActiveCfg = Debug|Any CPU
		{AD3550F7-6443-4301-B1D9-552347261B9D}.Debug|Any CPU.Build.0 = Debug|Any CPU
		{AD3550F7-6443-4301-B1D9-552347261B9D}.Release|Any CPU.ActiveCfg = Release|Any CPU
		{AD3550F7-6443-4301-B1D9-552347261B9D}.Release|Any CPU.Build.0 = Release|Any CPU
	EndGlobalSection
	GlobalSection(SolutionProperties) = preSolution
		HideSolutionNode = FALSE
	EndGlobalSection
	GlobalSection(ExtensibilityGlobals) = postSolution
		SolutionGuid = {5398743F-A8D0-4EB8-B823-C1D337A2795B}
	EndGlobalSection
EndGlobal
